// !$*UTF8*$!
{
	archiveVersion = 1;
	classes = {
	};
	objectVersion = 46;
	objects = {

/* Begin PBXBuildFile section */
		F88FEA241D06A56100D048F4 /* AppDelegate.swift in Sources */ = {isa = PBXBuildFile; fileRef = F88FEA231D06A56100D048F4 /* AppDelegate.swift */; };
		F88FEA261D06A56100D048F4 /* ViewController.swift in Sources */ = {isa = PBXBuildFile; fileRef = F88FEA251D06A56100D048F4 /* ViewController.swift */; };
		F88FEA291D06A56100D048F4 /* Main.storyboard in Resources */ = {isa = PBXBuildFile; fileRef = F88FEA271D06A56100D048F4 /* Main.storyboard */; };
		F88FEA2B1D06A56100D048F4 /* Assets.xcassets in Resources */ = {isa = PBXBuildFile; fileRef = F88FEA2A1D06A56100D048F4 /* Assets.xcassets */; };
		F88FEA2E1D06A56100D048F4 /* LaunchScreen.storyboard in Resources */ = {isa = PBXBuildFile; fileRef = F88FEA2C1D06A56100D048F4 /* LaunchScreen.storyboard */; };
		F88FEA391D06A5EA00D048F4 /* Goat.png in Resources */ = {isa = PBXBuildFile; fileRef = F88FEA351D06A5EA00D048F4 /* Goat.png */; };
		F88FEA3A1D06A5EA00D048F4 /* Hippo.png in Resources */ = {isa = PBXBuildFile; fileRef = F88FEA361D06A5EA00D048F4 /* Hippo.png */; };
		F88FEA3B1D06A5EA00D048F4 /* Lion.png in Resources */ = {isa = PBXBuildFile; fileRef = F88FEA371D06A5EA00D048F4 /* Lion.png */; };
		F88FEA3C1D06A5EA00D048F4 /* Pig.png in Resources */ = {isa = PBXBuildFile; fileRef = F88FEA381D06A5EA00D048F4 /* Pig.png */; };
		F88FEA3E1D06A70000D048F4 /* NinjaCell.swift in Sources */ = {isa = PBXBuildFile; fileRef = F88FEA3D1D06A70000D048F4 /* NinjaCell.swift */; };
/* End PBXBuildFile section */

/* Begin PBXFileReference section */
		F88FEA201D06A56100D048F4 /* Intro to Custom Cells.app */ = {isa = PBXFileReference; explicitFileType = wrapper.application; includeInIndex = 0; path = "Intro to Custom Cells.app"; sourceTree = BUILT_PRODUCTS_DIR; };
		F88FEA231D06A56100D048F4 /* AppDelegate.swift */ = {isa = PBXFileReference; lastKnownFileType = sourcecode.swift; path = AppDelegate.swift; sourceTree = "<group>"; };
		F88FEA251D06A56100D048F4 /* ViewController.swift */ = {isa = PBXFileReference; lastKnownFileType = sourcecode.swift; path = ViewController.swift; sourceTree = "<group>"; };
		F88FEA281D06A56100D048F4 /* Base */ = {isa = PBXFileReference; lastKnownFileType = file.storyboard; name = Base; path = Base.lproj/Main.storyboard; sourceTree = "<group>"; };
		F88FEA2A1D06A56100D048F4 /* Assets.xcassets */ = {isa = PBXFileReference; lastKnownFileType = folder.assetcatalog; path = Assets.xcassets; sourceTree = "<group>"; };
		F88FEA2D1D06A56100D048F4 /* Base */ = {isa = PBXFileReference; lastKnownFileType = file.storyboard; name = Base; path = Base.lproj/LaunchScreen.storyboard; sourceTree = "<group>"; };
		F88FEA2F1D06A56100D048F4 /* Info.plist */ = {isa = PBXFileReference; lastKnownFileType = text.plist.xml; path = Info.plist; sourceTree = "<group>"; };
		F88FEA351D06A5EA00D048F4 /* Goat.png */ = {isa = PBXFileReference; lastKnownFileType = image.png; path = Goat.png; sourceTree = "<group>"; };
		F88FEA361D06A5EA00D048F4 /* Hippo.png */ = {isa = PBXFileReference; lastKnownFileType = image.png; path = Hippo.png; sourceTree = "<group>"; };
		F88FEA371D06A5EA00D048F4 /* Lion.png */ = {isa = PBXFileReference; lastKnownFileType = image.png; path = Lion.png; sourceTree = "<group>"; };
		F88FEA381D06A5EA00D048F4 /* Pig.png */ = {isa = PBXFileReference; lastKnownFileType = image.png; path = Pig.png; sourceTree = "<group>"; };
		F88FEA3D1D06A70000D048F4 /* NinjaCell.swift */ = {isa = PBXFileReference; fileEncoding = 4; lastKnownFileType = sourcecode.swift; path = NinjaCell.swift; sourceTree = "<group>"; };
/* End PBXFileReference section */

/* Begin PBXFrameworksBuildPhase section */
		F88FEA1D1D06A56100D048F4 /* Frameworks */ = {
			isa = PBXFrameworksBuildPhase;
			buildActionMask = 2147483647;
			files = (
			);
			runOnlyForDeploymentPostprocessing = 0;
		};
/* End PBXFrameworksBuildPhase section */

/* Begin PBXGroup section */
		F88FEA171D06A56100D048F4 = {
			isa = PBXGroup;
			children = (
				F88FEA221D06A56100D048F4 /* Intro to Custom Cells */,
				F88FEA211D06A56100D048F4 /* Products */,
			);
			sourceTree = "<group>";
		};
		F88FEA211D06A56100D048F4 /* Products */ = {
			isa = PBXGroup;
			children = (
				F88FEA201D06A56100D048F4 /* Intro to Custom Cells.app */,
			);
			name = Products;
			sourceTree = "<group>";
		};
		F88FEA221D06A56100D048F4 /* Intro to Custom Cells */ = {
			isa = PBXGroup;
			children = (
				F88FEA231D06A56100D048F4 /* AppDelegate.swift */,
				F88FEA251D06A56100D048F4 /* ViewController.swift */,
				F88FEA271D06A56100D048F4 /* Main.storyboard */,
				F88FEA351D06A5EA00D048F4 /* Goat.png */,
				F88FEA361D06A5EA00D048F4 /* Hippo.png */,
				F88FEA371D06A5EA00D048F4 /* Lion.png */,
				F88FEA381D06A5EA00D048F4 /* Pig.png */,
				F88FEA2A1D06A56100D048F4 /* Assets.xcassets */,
				F88FEA2C1D06A56100D048F4 /* LaunchScreen.storyboard */,
				F88FEA2F1D06A56100D048F4 /* Info.plist */,
				F88FEA3D1D06A70000D048F4 /* NinjaCell.swift */,
			);
			path = "Intro to Custom Cells";
			sourceTree = "<group>";
		};
/* End PBXGroup section */

/* Begin PBXNativeTarget section */
		F88FEA1F1D06A56100D048F4 /* Intro to Custom Cells */ = {
			isa = PBXNativeTarget;
			buildConfigurationList = F88FEA321D06A56100D048F4 /* Build configuration list for PBXNativeTarget "Intro to Custom Cells" */;
			buildPhases = (
				F88FEA1C1D06A56100D048F4 /* Sources */,
				F88FEA1D1D06A56100D048F4 /* Frameworks */,
				F88FEA1E1D06A56100D048F4 /* Resources */,
			);
			buildRules = (
			);
			dependencies = (
			);
			name = "Intro to Custom Cells";
			productName = "Intro to Custom Cells";
			productReference = F88FEA201D06A56100D048F4 /* Intro to Custom Cells.app */;
			productType = "com.apple.product-type.application";
		};
/* End PBXNativeTarget section */

/* Begin PBXProject section */
		F88FEA181D06A56100D048F4 /* Project object */ = {
			isa = PBXProject;
			attributes = {
				LastSwiftUpdateCheck = 0730;
				LastUpgradeCheck = 0730;
				ORGANIZATIONNAME = "Peter Shearer";
				TargetAttributes = {
					F88FEA1F1D06A56100D048F4 = {
						CreatedOnToolsVersion = 7.3.1;
					};
				};
			};
			buildConfigurationList = F88FEA1B1D06A56100D048F4 /* Build configuration list for PBXProject "Intro to Custom Cells" */;
			compatibilityVersion = "Xcode 3.2";
			developmentRegion = English;
			hasScannedForEncodings = 0;
			knownRegions = (
				en,
				Base,
			);
			mainGroup = F88FEA171D06A56100D048F4;
			productRefGroup = F88FEA211D06A56100D048F4 /* Products */;
			projectDirPath = "";
			projectRoot = "";
			targets = (
				F88FEA1F1D06A56100D048F4 /* Intro to Custom Cells */,
			);
		};
/* End PBXProject section */

/* Begin PBXResourcesBuildPhase section */
		F88FEA1E1D06A56100D048F4 /* Resources */ = {
			isa = PBXResourcesBuildPhase;
			buildActionMask = 2147483647;
			files = (
				F88FEA2E1D06A56100D048F4 /* LaunchScreen.storyboard in Resources */,
				F88FEA2B1D06A56100D048F4 /* Assets.xcassets in Resources */,
				F88FEA391D06A5EA00D048F4 /* Goat.png in Resources */,
				F88FEA3B1D06A5EA00D048F4 /* Lion.png in Resources */,
				F88FEA291D06A56100D048F4 /* Main.storyboard in Resources */,
				F88FEA3C1D06A5EA00D048F4 /* Pig.png in Resources */,
				F88FEA3A1D06A5EA00D048F4 /* Hippo.png in Resources */,
			);
			runOnlyForDeploymentPostprocessing = 0;
		};
/* End PBXResourcesBuildPhase section */

/* Begin PBXSourcesBuildPhase section */
		F88FEA1C1D06A56100D048F4 /* Sources */ = {
			isa = PBXSourcesBuildPhase;
			buildActionMask = 2147483647;
			files = (
				F88FEA3E1D06A70000D048F4 /* NinjaCell.swift in Sources */,
				F88FEA261D06A56100D048F4 /* ViewController.swift in Sources */,
				F88FEA241D06A56100D048F4 /* AppDelegate.swift in Sources */,
			);
			runOnlyForDeploymentPostprocessing = 0;
		};
/* End PBXSourcesBuildPhase section */

/* Begin PBXVariantGroup section */
		F88FEA271D06A56100D048F4 /* Main.storyboard */ = {
			isa = PBXVariantGroup;
			children = (
				F88FEA281D06A56100D048F4 /* Base */,
			);
			name = Main.storyboard;
			sourceTree = "<group>";
		};
		F88FEA2C1D06A56100D048F4 /* LaunchScreen.storyboard */ = {
			isa = PBXVariantGroup;
			children = (
				F88FEA2D1D06A56100D048F4 /* Base */,
			);
			name = LaunchScreen.storyboard;
			sourceTree = "<group>";
		};
/* End PBXVariantGroup section */

/* Begin XCBuildConfiguration section */
		F88FEA301D06A56100D048F4 /* Debug */ = {
			isa = XCBuildConfiguration;
			buildSettings = {
				ALWAYS_SEARCH_USER_PATHS = NO;
				CLANG_ANALYZER_NONNULL = YES;
				CLANG_CXX_LANGUAGE_STANDARD = "gnu++0x";
				CLANG_CXX_LIBRARY = "libc++";
				CLANG_ENABLE_MODULES = YES;
				CLANG_ENABLE_OBJC_ARC = YES;
				CLANG_WARN_BOOL_CONVERSION = YES;
				CLANG_WARN_CONSTANT_CONVERSION = YES;
				CLANG_WARN_DIRECT_OBJC_ISA_USAGE = YES_ERROR;
				CLANG_WARN_EMPTY_BODY = YES;
				CLANG_WARN_ENUM_CONVERSION = YES;
				CLANG_WARN_INT_CONVERSION = YES;
				CLANG_WARN_OBJC_ROOT_CLASS = YES_ERROR;
				CLANG_WARN_UNREACHABLE_CODE = YES;
				CLANG_WARN__DUPLICATE_METHOD_MATCH = YES;
				"CODE_SIGN_IDENTITY[sdk=iphoneos*]" = "iPhone Developer";
				COPY_PHASE_STRIP = NO;
				DEBUG_INFORMATION_FORMAT = dwarf;
				ENABLE_STRICT_OBJC_MSGSEND = YES;
				ENABLE_TESTABILITY = YES;
				GCC_C_LANGUAGE_STANDARD = gnu99;
				GCC_DYNAMIC_NO_PIC = NO;
				GCC_NO_COMMON_BLOCKS = YES;
				GCC_OPTIMIZATION_LEVEL = 0;
				GCC_PREPROCESSOR_DEFINITIONS = (
					"DEBUG=1",
					"$(inherited)",
				);
				GCC_WARN_64_TO_32_BIT_CONVERSION = YES;
				GCC_WARN_ABOUT_RETURN_TYPE = YES_ERROR;
				GCC_WARN_UNDECLARED_SELECTOR = YES;
				GCC_WARN_UNINITIALIZED_AUTOS = YES_AGGRESSIVE;
				GCC_WARN_UNUSED_FUNCTION = YES;
				GCC_WARN_UNUSED_VARIABLE = YES;
				IPHONEOS_DEPLOYMENT_TARGET = 9.3;
				MTL_ENABLE_DEBUG_INFO = YES;
				ONLY_ACTIVE_ARCH = YES;
				SDKROOT = iphoneos;
				SWIFT_OPTIMIZATION_LEVEL = "-Onone";
			};
			name = Debug;
		};
		F88FEA311D06A56100D048F4 /* Release */ = {
			isa = XCBuildConfiguration;
			buildSettings = {
				ALWAYS_SEARCH_USER_PATHS = NO;
				CLANG_ANALYZER_NONNULL = YES;
				CLANG_CXX_LANGUAGE_STANDARD = "gnu++0x";
				CLANG_CXX_LIBRARY = "libc++";
				CLANG_ENABLE_MODULES = YES;
				CLANG_ENABLE_OBJC_ARC = YES;
				CLANG_WARN_BOOL_CONVERSION = YES;
				CLANG_WARN_CONSTANT_CONVERSION = YES;
				CLANG_WARN_DIRECT_OBJC_ISA_USAGE = YES_ERROR;
				CLANG_WARN_EMPTY_BODY = YES;
				CLANG_WARN_ENUM_CONVERSION = YES;
				CLANG_WARN_INT_CONVERSION = YES;
				CLANG_WARN_OBJC_ROOT_CLASS = YES_ERROR;
				CLANG_WARN_UNREACHABLE_CODE = YES;
				CLANG_WARN__DUPLICATE_METHOD_MATCH = YES;
				"CODE_SIGN_IDENTITY[sdk=iphoneos*]" = "iPhone Developer";
				COPY_PHASE_STRIP = NO;
				DEBUG_INFORMATION_FORMAT = "dwarf-with-dsym";
				ENABLE_NS_ASSERTIONS = NO;
				ENABLE_STRICT_OBJC_MSGSEND = YES;
				GCC_C_LANGUAGE_STANDARD = gnu99;
				GCC_NO_COMMON_BLOCKS = YES;
				GCC_WARN_64_TO_32_BIT_CONVERSION = YES;
				GCC_WARN_ABOUT_RETURN_TYPE = YES_ERROR;
				GCC_WARN_UNDECLARED_SELECTOR = YES;
				GCC_WARN_UNINITIALIZED_AUTOS = YES_AGGRESSIVE;
				GCC_WARN_UNUSED_FUNCTION = YES;
				GCC_WARN_UNUSED_VARIABLE = YES;
				IPHONEOS_DEPLOYMENT_TARGET = 9.3;
				MTL_ENABLE_DEBUG_INFO = NO;
				SDKROOT = iphoneos;
				VALIDATE_PRODUCT = YES;
			};
			name = Release;
		};
		F88FEA331D06A56100D048F4 /* Debug */ = {
			isa = XCBuildConfiguration;
			buildSettings = {
				ASSETCATALOG_COMPILER_APPICON_NAME = AppIcon;
				INFOPLIST_FILE = "Intro to Custom Cells/Info.plist";
				LD_RUNPATH_SEARCH_PATHS = "$(inherited) @executable_path/Frameworks";
				PRODUCT_BUNDLE_IDENTIFIER = "io.swiftninja.Intro-to-Custom-Cells";
				PRODUCT_NAME = "$(TARGET_NAME)";
			};
			name = Debug;
		};
		F88FEA341D06A56100D048F4 /* Release */ = {
			isa = XCBuildConfiguration;
			buildSettings = {
				ASSETCATALOG_COMPILER_APPICON_NAME = AppIcon;
				INFOPLIST_FILE = "Intro to Custom Cells/Info.plist";
				LD_RUNPATH_SEARCH_PATHS = "$(inherited) @executable_path/Frameworks";
				PRODUCT_BUNDLE_IDENTIFIER = "io.swiftninja.Intro-to-Custom-Cells";
				PRODUCT_NAME = "$(TARGET_NAME)";
			};
			name = Release;
		};
/* End XCBuildConfiguration section */

/* Begin XCConfigurationList section */
		F88FEA1B1D06A56100D048F4 /* Build configuration list for PBXProject "Intro to Custom Cells" */ = {
			isa = XCConfigurationList;
			buildConfigurations = (
				F88FEA301D06A56100D048F4 /* Debug */,
				F88FEA311D06A56100D048F4 /* Release */,
			);
			defaultConfigurationIsVisible = 0;
			defaultConfigurationName = Release;
		};
		F88FEA321D06A56100D048F4 /* Build configuration list for PBXNativeTarget "Intro to Custom Cells" */ = {
			isa = XCConfigurationList;
			buildConfigurations = (
				F88FEA331D06A56100D048F4 /* Debug */,
				F88FEA341D06A56100D048F4 /* Release */,
			);
			defaultConfigurationIsVisible = 0;
		};
/* End XCConfigurationList section */
	};
	rootObject = F88FEA181D06A56100D048F4 /* Project object */;
}
